
Microsoft Visual Studio Solution File, Format Version 12.00
# Visual Studio 15
VisualStudioVersion = 15.0.27703.2026
MinimumVisualStudioVersion = 10.0.40219.1
Project("{FAE04EC0-301F-11D3-BF4B-00C04F79EFBC}") = "DarkSkyProject", "DarkSkyProject\DarkSkyProject.csproj", "{18769EF9-C223-420B-82EA-A46180375E51}"
EndProject
Project("{FAE04EC0-301F-11D3-BF4B-00C04F79EFBC}") = "DarkSkyTests", "DarkSkyTests\DarkSkyTests.csproj", "{399C952C-C1BF-4BA0-9DE3-368E78EB5B46}"
EndProject
Global
	GlobalSection(SolutionConfigurationPlatforms) = preSolution
		Debug|Any CPU = Debug|Any CPU
		Release|Any CPU = Release|Any CPU
	EndGlobalSection
	GlobalSection(ProjectConfigurationPlatforms) = postSolution
		{18769EF9-C223-420B-82EA-A46180375E51}.Debug|Any CPU.ActiveCfg = Debug|Any CPU
		{18769EF9-C223-420B-82EA-A46180375E51}.Debug|Any CPU.Build.0 = Debug|Any CPU
		{18769EF9-C223-420B-82EA-A46180375E51}.Release|Any CPU.ActiveCfg = Release|Any CPU
		{18769EF9-C223-420B-82EA-A46180375E51}.Release|Any CPU.Build.0 = Release|Any CPU
		{399C952C-C1BF-4BA0-9DE3-368E78EB5B46}.Debug|Any CPU.ActiveCfg = Debug|Any CPU
		{399C952C-C1BF-4BA0-9DE3-368E78EB5B46}.Debug|Any CPU.Build.0 = Debug|Any CPU
		{399C952C-C1BF-4BA0-9DE3-368E78EB5B46}.Release|Any CPU.ActiveCfg = Release|Any CPU
		{399C952C-C1BF-4BA0-9DE3-368E78EB5B46}.Release|Any CPU.Build.0 = Release|Any CPU
	EndGlobalSection
	GlobalSection(SolutionProperties) = preSolution
		HideSolutionNode = FALSE
	EndGlobalSection
	GlobalSection(ExtensibilityGlobals) = postSolution
		SolutionGuid = {1745C9B2-67A1-4C4A-9215-FCAB02512102}
	EndGlobalSection
EndGlobal
